PODS:
  - IBLinter (0.5.0)
  - Periphery (2.9.0)
  - SwiftFormat/CLI (0.49.18)
  - SwiftGen (6.6.2)
  - SwiftLint (0.49.1)

DEPENDENCIES:
  - IBLinter (~> 0.5.0)
  - Periphery (~> 2.9.0)
  - SwiftFormat/CLI (~> 0.49.18)
  - SwiftGen (~> 6.6.2)
  - SwiftLint (~> 0.49.1)

SPEC REPOS:
  trunk:
    - IBLinter
    - Periphery
    - SwiftFormat
    - SwiftGen
    - SwiftLint

SPEC CHECKSUMS:
  IBLinter: 7d28cbb7b579ca80690b56f6c8d22092a672967c
  Periphery: a7aee85b5f5374a8bff3862342209b95d8e016b8
  SwiftFormat: 2402d29b26746f169cce5454d5af88314cbb2e35
  SwiftGen: 1366a7f71aeef49954ca5a63ba4bef6b0f24138c
  SwiftLint: 32ee33ded0636d0905ef6911b2b67bbaeeedafa5

PODFILE CHECKSUM: d480257f6621f9ca8ff8634d960f2b600045b656

COCOAPODS: 1.11.3
