// !$*UTF8*$!
{
	archiveVersion = 1;
	classes = {
	};
	objectVersion = 55;
	objects = {

/* Begin PBXBuildFile section */
		001DB91328C5E122006190FF /* AppDelegate.swift in Sources */ = {isa = PBXBuildFile; fileRef = 001DB91228C5E122006190FF /* AppDelegate.swift */; };
		001DB91528C5E122006190FF /* ViewController.swift in Sources */ = {isa = PBXBuildFile; fileRef = 001DB91428C5E122006190FF /* ViewController.swift */; };
		001DB91728C5E122006190FF /* Document.swift in Sources */ = {isa = PBXBuildFile; fileRef = 001DB91628C5E122006190FF /* Document.swift */; };
		001DB91928C5E123006190FF /* Assets.xcassets in Resources */ = {isa = PBXBuildFile; fileRef = 001DB91828C5E123006190FF /* Assets.xcassets */; };
		001DB91C28C5E123006190FF /* Main.storyboard in Resources */ = {isa = PBXBuildFile; fileRef = 001DB91A28C5E123006190FF /* Main.storyboard */; };
		001DB93428C5E839006190FF /* Scenes+Generated.swift in Sources */ = {isa = PBXBuildFile; fileRef = 001DB93128C5E838006190FF /* Scenes+Generated.swift */; };
		001DB93528C5E839006190FF /* Segues+Generated.swift in Sources */ = {isa = PBXBuildFile; fileRef = 001DB93228C5E838006190FF /* Segues+Generated.swift */; };
		001DB93628C5E839006190FF /* XCAssets+Generated.swift in Sources */ = {isa = PBXBuildFile; fileRef = 001DB93328C5E839006190FF /* XCAssets+Generated.swift */; };
		0067812128CF1B67009C3E49 /* ReverseViewController.swift in Sources */ = {isa = PBXBuildFile; fileRef = 0067811E28CF1B67009C3E49 /* ReverseViewController.swift */; };
		0067812228CF1B67009C3E49 /* OppositeCaseViewController.swift in Sources */ = {isa = PBXBuildFile; fileRef = 0067811F28CF1B67009C3E49 /* OppositeCaseViewController.swift */; };
		0067812328CF1B67009C3E49 /* ROT13ViewController.swift in Sources */ = {isa = PBXBuildFile; fileRef = 0067812028CF1B67009C3E49 /* ROT13ViewController.swift */; };
		00FD518B28C6C29E00AE36E9 /* WindowController.swift in Sources */ = {isa = PBXBuildFile; fileRef = 00FD518A28C6C29E00AE36E9 /* WindowController.swift */; };
		00FD519028C6C38000AE36E9 /* Model.swift in Sources */ = {isa = PBXBuildFile; fileRef = 00FD518F28C6C38000AE36E9 /* Model.swift */; };
		00FD519428C6D4F500AE36E9 /* NSViewController+windowController.swift in Sources */ = {isa = PBXBuildFile; fileRef = 00FD519328C6D4F500AE36E9 /* NSViewController+windowController.swift */; };
		00FD519728C6F6EE00AE36E9 /* MulticastDelegate.swift in Sources */ = {isa = PBXBuildFile; fileRef = 00FD519628C6F6EE00AE36E9 /* MulticastDelegate.swift */; };
		00FD519B28C7304500AE36E9 /* Observable.swift in Sources */ = {isa = PBXBuildFile; fileRef = 00FD519A28C7304500AE36E9 /* Observable.swift */; };
		00FD519D28C7306100AE36E9 /* ViewModel.swift in Sources */ = {isa = PBXBuildFile; fileRef = 00FD519C28C7306100AE36E9 /* ViewModel.swift */; };
		6A9D04A63BD72AD209D679E3 /* libPods-MVVMTest.a in Frameworks */ = {isa = PBXBuildFile; fileRef = 01A548CA280583EAE2B47678 /* libPods-MVVMTest.a */; };
/* End PBXBuildFile section */

/* Begin PBXFileReference section */
		001DB90F28C5E122006190FF /* MVVMTest.app */ = {isa = PBXFileReference; explicitFileType = wrapper.application; includeInIndex = 0; path = MVVMTest.app; sourceTree = BUILT_PRODUCTS_DIR; };
		001DB91228C5E122006190FF /* AppDelegate.swift */ = {isa = PBXFileReference; lastKnownFileType = sourcecode.swift; path = AppDelegate.swift; sourceTree = "<group>"; };
		001DB91428C5E122006190FF /* ViewController.swift */ = {isa = PBXFileReference; lastKnownFileType = sourcecode.swift; path = ViewController.swift; sourceTree = "<group>"; };
		001DB91628C5E122006190FF /* Document.swift */ = {isa = PBXFileReference; lastKnownFileType = sourcecode.swift; path = Document.swift; sourceTree = "<group>"; };
		001DB91828C5E123006190FF /* Assets.xcassets */ = {isa = PBXFileReference; lastKnownFileType = folder.assetcatalog; path = Assets.xcassets; sourceTree = "<group>"; };
		001DB91B28C5E123006190FF /* Base */ = {isa = PBXFileReference; lastKnownFileType = file.storyboard; name = Base; path = Base.lproj/Main.storyboard; sourceTree = "<group>"; };
		001DB91D28C5E123006190FF /* Info.plist */ = {isa = PBXFileReference; lastKnownFileType = text.plist.xml; path = Info.plist; sourceTree = "<group>"; };
		001DB91E28C5E123006190FF /* MVVMTest.entitlements */ = {isa = PBXFileReference; lastKnownFileType = text.plist.entitlements; path = MVVMTest.entitlements; sourceTree = "<group>"; };
		001DB92428C5E19C006190FF /* .swiftformat */ = {isa = PBXFileReference; explicitFileType = text.yaml; path = .swiftformat; sourceTree = "<group>"; };
		001DB92528C5E19C006190FF /* .iblinter.yml */ = {isa = PBXFileReference; lastKnownFileType = text.yaml; path = .iblinter.yml; sourceTree = "<group>"; };
		001DB92628C5E19C006190FF /* .swiftlint.yml */ = {isa = PBXFileReference; lastKnownFileType = text.yaml; path = .swiftlint.yml; sourceTree = "<group>"; };
		001DB92728C5E19C006190FF /* Podfile */ = {isa = PBXFileReference; explicitFileType = text.script.ruby; path = Podfile; sourceTree = "<group>"; };
		001DB92828C5E19C006190FF /* swiftgen.yml */ = {isa = PBXFileReference; lastKnownFileType = text.yaml; path = swiftgen.yml; sourceTree = "<group>"; };
		001DB92928C5E19C006190FF /* .gitignore */ = {isa = PBXFileReference; lastKnownFileType = text; path = .gitignore; sourceTree = "<group>"; };
		001DB93128C5E838006190FF /* Scenes+Generated.swift */ = {isa = PBXFileReference; fileEncoding = 4; lastKnownFileType = sourcecode.swift; path = "Scenes+Generated.swift"; sourceTree = "<group>"; };
		001DB93228C5E838006190FF /* Segues+Generated.swift */ = {isa = PBXFileReference; fileEncoding = 4; lastKnownFileType = sourcecode.swift; path = "Segues+Generated.swift"; sourceTree = "<group>"; };
		001DB93328C5E839006190FF /* XCAssets+Generated.swift */ = {isa = PBXFileReference; fileEncoding = 4; lastKnownFileType = sourcecode.swift; path = "XCAssets+Generated.swift"; sourceTree = "<group>"; };
		0067811E28CF1B67009C3E49 /* ReverseViewController.swift */ = {isa = PBXFileReference; fileEncoding = 4; lastKnownFileType = sourcecode.swift; path = ReverseViewController.swift; sourceTree = "<group>"; };
		0067811F28CF1B67009C3E49 /* OppositeCaseViewController.swift */ = {isa = PBXFileReference; fileEncoding = 4; lastKnownFileType = sourcecode.swift; path = OppositeCaseViewController.swift; sourceTree = "<group>"; };
		0067812028CF1B67009C3E49 /* ROT13ViewController.swift */ = {isa = PBXFileReference; fileEncoding = 4; lastKnownFileType = sourcecode.swift; path = ROT13ViewController.swift; sourceTree = "<group>"; };
		00FD518A28C6C29E00AE36E9 /* WindowController.swift */ = {isa = PBXFileReference; fileEncoding = 4; lastKnownFileType = sourcecode.swift; path = WindowController.swift; sourceTree = "<group>"; };
		00FD518F28C6C38000AE36E9 /* Model.swift */ = {isa = PBXFileReference; fileEncoding = 4; lastKnownFileType = sourcecode.swift; path = Model.swift; sourceTree = "<group>"; };
		00FD519328C6D4F500AE36E9 /* NSViewController+windowController.swift */ = {isa = PBXFileReference; fileEncoding = 4; lastKnownFileType = sourcecode.swift; path = "NSViewController+windowController.swift"; sourceTree = "<group>"; };
		00FD519628C6F6EE00AE36E9 /* MulticastDelegate.swift */ = {isa = PBXFileReference; fileEncoding = 4; lastKnownFileType = sourcecode.swift; path = MulticastDelegate.swift; sourceTree = "<group>"; };
		00FD519A28C7304500AE36E9 /* Observable.swift */ = {isa = PBXFileReference; fileEncoding = 4; lastKnownFileType = sourcecode.swift; path = Observable.swift; sourceTree = "<group>"; };
		00FD519C28C7306100AE36E9 /* ViewModel.swift */ = {isa = PBXFileReference; fileEncoding = 4; lastKnownFileType = sourcecode.swift; path = ViewModel.swift; sourceTree = "<group>"; };
		01A548CA280583EAE2B47678 /* libPods-MVVMTest.a */ = {isa = PBXFileReference; explicitFileType = archive.ar; includeInIndex = 0; path = "libPods-MVVMTest.a"; sourceTree = BUILT_PRODUCTS_DIR; };
		71A38E9AC389B63E4602E9F8 /* Pods-MVVMTest.release.xcconfig */ = {isa = PBXFileReference; includeInIndex = 1; lastKnownFileType = text.xcconfig; name = "Pods-MVVMTest.release.xcconfig"; path = "Target Support Files/Pods-MVVMTest/Pods-MVVMTest.release.xcconfig"; sourceTree = "<group>"; };
		DDAE9B017FD6CA8BDED9FCC3 /* Pods-MVVMTest.debug.xcconfig */ = {isa = PBXFileReference; includeInIndex = 1; lastKnownFileType = text.xcconfig; name = "Pods-MVVMTest.debug.xcconfig"; path = "Target Support Files/Pods-MVVMTest/Pods-MVVMTest.debug.xcconfig"; sourceTree = "<group>"; };
/* End PBXFileReference section */

/* Begin PBXFrameworksBuildPhase section */
		001DB90C28C5E122006190FF /* Frameworks */ = {
			isa = PBXFrameworksBuildPhase;
			buildActionMask = 2147483647;
			files = (
				6A9D04A63BD72AD209D679E3 /* libPods-MVVMTest.a in Frameworks */,
			);
			runOnlyForDeploymentPostprocessing = 0;
		};
/* End PBXFrameworksBuildPhase section */

/* Begin PBXGroup section */
		001DB90628C5E122006190FF = {
			isa = PBXGroup;
			children = (
				001DB92928C5E19C006190FF /* .gitignore */,
				001DB92528C5E19C006190FF /* .iblinter.yml */,
				001DB92428C5E19C006190FF /* .swiftformat */,
				001DB92628C5E19C006190FF /* .swiftlint.yml */,
				001DB92728C5E19C006190FF /* Podfile */,
				001DB92828C5E19C006190FF /* swiftgen.yml */,
				001DB91128C5E122006190FF /* MVVMTest */,
				001DB91028C5E122006190FF /* Products */,
				87FDCD72C3923577C06D591C /* Pods */,
				E329FE74D0FC19D90DAC9FED /* Frameworks */,
			);
			sourceTree = "<group>";
		};
		001DB91028C5E122006190FF /* Products */ = {
			isa = PBXGroup;
			children = (
				001DB90F28C5E122006190FF /* MVVMTest.app */,
			);
			name = Products;
			sourceTree = "<group>";
		};
		001DB91128C5E122006190FF /* MVVMTest */ = {
			isa = PBXGroup;
			children = (
				001DB92C28C5E209006190FF /* Resource */,
				001DB92A28C5E1F2006190FF /* Source */,
				001DB91D28C5E123006190FF /* Info.plist */,
				001DB91E28C5E123006190FF /* MVVMTest.entitlements */,
			);
			path = MVVMTest;
			sourceTree = "<group>";
		};
		001DB92A28C5E1F2006190FF /* Source */ = {
			isa = PBXGroup;
			children = (
				001DB92B28C5E201006190FF /* Generated */,
				00FD519128C6D4C900AE36E9 /* Extensions */,
				00FD519528C6F6D000AE36E9 /* Utility */,
				001DB91228C5E122006190FF /* AppDelegate.swift */,
				00FD519F28C74AB200AE36E9 /* Controller */,
				00FD51A028C74AC600AE36E9 /* Model */,
				00FD51A128C74AD500AE36E9 /* ViewModel */,
			);
			path = Source;
			sourceTree = "<group>";
		};
		001DB92B28C5E201006190FF /* Generated */ = {
			isa = PBXGroup;
			children = (
				001DB93128C5E838006190FF /* Scenes+Generated.swift */,
				001DB93228C5E838006190FF /* Segues+Generated.swift */,
				001DB93328C5E839006190FF /* XCAssets+Generated.swift */,
			);
			path = Generated;
			sourceTree = "<group>";
		};
		001DB92C28C5E209006190FF /* Resource */ = {
			isa = PBXGroup;
			children = (
				001DB91828C5E123006190FF /* Assets.xcassets */,
				001DB91A28C5E123006190FF /* Main.storyboard */,
			);
			path = Resource;
			sourceTree = "<group>";
		};
		00FD519128C6D4C900AE36E9 /* Extensions */ = {
			isa = PBXGroup;
			children = (
				00FD519228C6D4D200AE36E9 /* AppKit */,
			);
			path = Extensions;
			sourceTree = "<group>";
		};
		00FD519228C6D4D200AE36E9 /* AppKit */ = {
			isa = PBXGroup;
			children = (
				00FD519328C6D4F500AE36E9 /* NSViewController+windowController.swift */,
			);
			path = AppKit;
			sourceTree = "<group>";
		};
		00FD519528C6F6D000AE36E9 /* Utility */ = {
			isa = PBXGroup;
			children = (
				00FD519A28C7304500AE36E9 /* Observable.swift */,
				00FD519628C6F6EE00AE36E9 /* MulticastDelegate.swift */,
			);
			path = Utility;
			sourceTree = "<group>";
		};
		00FD519F28C74AB200AE36E9 /* Controller */ = {
			isa = PBXGroup;
			children = (
				001DB91628C5E122006190FF /* Document.swift */,
				00FD518A28C6C29E00AE36E9 /* WindowController.swift */,
				001DB91428C5E122006190FF /* ViewController.swift */,
				0067811E28CF1B67009C3E49 /* ReverseViewController.swift */,
				0067811F28CF1B67009C3E49 /* OppositeCaseViewController.swift */,
				0067812028CF1B67009C3E49 /* ROT13ViewController.swift */,
			);
			path = Controller;
			sourceTree = "<group>";
		};
		00FD51A028C74AC600AE36E9 /* Model */ = {
			isa = PBXGroup;
			children = (
				00FD518F28C6C38000AE36E9 /* Model.swift */,
			);
			path = Model;
			sourceTree = "<group>";
		};
		00FD51A128C74AD500AE36E9 /* ViewModel */ = {
			isa = PBXGroup;
			children = (
				00FD519C28C7306100AE36E9 /* ViewModel.swift */,
			);
			path = ViewModel;
			sourceTree = "<group>";
		};
		87FDCD72C3923577C06D591C /* Pods */ = {
			isa = PBXGroup;
			children = (
				DDAE9B017FD6CA8BDED9FCC3 /* Pods-MVVMTest.debug.xcconfig */,
				71A38E9AC389B63E4602E9F8 /* Pods-MVVMTest.release.xcconfig */,
			);
			path = Pods;
			sourceTree = "<group>";
		};
		E329FE74D0FC19D90DAC9FED /* Frameworks */ = {
			isa = PBXGroup;
			children = (
				01A548CA280583EAE2B47678 /* libPods-MVVMTest.a */,
			);
			name = Frameworks;
			sourceTree = "<group>";
		};
/* End PBXGroup section */

/* Begin PBXNativeTarget section */
		001DB90E28C5E122006190FF /* MVVMTest */ = {
			isa = PBXNativeTarget;
			buildConfigurationList = 001DB92128C5E123006190FF /* Build configuration list for PBXNativeTarget "MVVMTest" */;
			buildPhases = (
				BA032106FF53D9952C671794 /* [CP] Check Pods Manifest.lock */,
				001DB92D28C5E22A006190FF /* Run SwiftGen */,
				001DB92E28C5E245006190FF /* Run SwiftFormat */,
				001DB90B28C5E122006190FF /* Sources */,
				001DB90C28C5E122006190FF /* Frameworks */,
				001DB90D28C5E122006190FF /* Resources */,
				001DB92F28C5E271006190FF /* Run SwiftLint */,
				001DB93028C5E283006190FF /* Run IBLinter */,
			);
			buildRules = (
			);
			dependencies = (
			);
			name = MVVMTest;
			productName = MVVMTest;
			productReference = 001DB90F28C5E122006190FF /* MVVMTest.app */;
			productType = "com.apple.product-type.application";
		};
/* End PBXNativeTarget section */

/* Begin PBXProject section */
		001DB90728C5E122006190FF /* Project object */ = {
			isa = PBXProject;
			attributes = {
				BuildIndependentTargetsInParallel = 1;
				LastSwiftUpdateCheck = 1340;
				LastUpgradeCheck = 1340;
				TargetAttributes = {
					001DB90E28C5E122006190FF = {
						CreatedOnToolsVersion = 13.4.1;
					};
				};
			};
			buildConfigurationList = 001DB90A28C5E122006190FF /* Build configuration list for PBXProject "MVVMTest" */;
			compatibilityVersion = "Xcode 13.0";
			developmentRegion = en;
			hasScannedForEncodings = 0;
			knownRegions = (
				en,
				Base,
			);
			mainGroup = 001DB90628C5E122006190FF;
			productRefGroup = 001DB91028C5E122006190FF /* Products */;
			projectDirPath = "";
			projectRoot = "";
			targets = (
				001DB90E28C5E122006190FF /* MVVMTest */,
			);
		};
/* End PBXProject section */

/* Begin PBXResourcesBuildPhase section */
		001DB90D28C5E122006190FF /* Resources */ = {
			isa = PBXResourcesBuildPhase;
			buildActionMask = 2147483647;
			files = (
				001DB91928C5E123006190FF /* Assets.xcassets in Resources */,
				001DB91C28C5E123006190FF /* Main.storyboard in Resources */,
			);
			runOnlyForDeploymentPostprocessing = 0;
		};
/* End PBXResourcesBuildPhase section */

/* Begin PBXShellScriptBuildPhase section */
		001DB92D28C5E22A006190FF /* Run SwiftGen */ = {
			isa = PBXShellScriptBuildPhase;
			alwaysOutOfDate = 1;
			buildActionMask = 2147483647;
			files = (
			);
			inputFileListPaths = (
			);
			inputPaths = (
			);
			name = "Run SwiftGen";
			outputFileListPaths = (
			);
			outputPaths = (
			);
			runOnlyForDeploymentPostprocessing = 0;
			shellPath = /bin/sh;
			shellScript = "\"${PODS_ROOT}/SwiftGen/bin/swiftgen\"\n";
		};
		001DB92E28C5E245006190FF /* Run SwiftFormat */ = {
			isa = PBXShellScriptBuildPhase;
			alwaysOutOfDate = 1;
			buildActionMask = 2147483647;
			files = (
			);
			inputFileListPaths = (
			);
			inputPaths = (
			);
			name = "Run SwiftFormat";
			outputFileListPaths = (
			);
			outputPaths = (
			);
			runOnlyForDeploymentPostprocessing = 0;
			shellPath = /bin/sh;
			shellScript = "\"${PODS_ROOT}/SwiftFormat/CommandLineTool/swiftformat\" \"$SRCROOT/MVVMTest\"\n";
		};
		001DB92F28C5E271006190FF /* Run SwiftLint */ = {
			isa = PBXShellScriptBuildPhase;
			alwaysOutOfDate = 1;
			buildActionMask = 2147483647;
			files = (
			);
			inputFileListPaths = (
			);
			inputPaths = (
			);
			name = "Run SwiftLint";
			outputFileListPaths = (
			);
			outputPaths = (
			);
			runOnlyForDeploymentPostprocessing = 0;
			shellPath = /bin/sh;
			shellScript = "\"${PODS_ROOT}/SwiftLint/swiftlint\" \"$SRCROOT/MVVMTest\"\n";
		};
		001DB93028C5E283006190FF /* Run IBLinter */ = {
			isa = PBXShellScriptBuildPhase;
			alwaysOutOfDate = 1;
			buildActionMask = 2147483647;
			files = (
			);
			inputFileListPaths = (
			);
			inputPaths = (
			);
			name = "Run IBLinter";
			outputFileListPaths = (
			);
			outputPaths = (
			);
			runOnlyForDeploymentPostprocessing = 0;
			shellPath = /bin/sh;
			shellScript = "\"${PODS_ROOT}/IBLinter/bin/iblinter\"\n";
		};
		BA032106FF53D9952C671794 /* [CP] Check Pods Manifest.lock */ = {
			isa = PBXShellScriptBuildPhase;
			buildActionMask = 2147483647;
			files = (
			);
			inputFileListPaths = (
			);
			inputPaths = (
				"${PODS_PODFILE_DIR_PATH}/Podfile.lock",
				"${PODS_ROOT}/Manifest.lock",
			);
			name = "[CP] Check Pods Manifest.lock";
			outputFileListPaths = (
			);
			outputPaths = (
				"$(DERIVED_FILE_DIR)/Pods-MVVMTest-checkManifestLockResult.txt",
			);
			runOnlyForDeploymentPostprocessing = 0;
			shellPath = /bin/sh;
			shellScript = "diff \"${PODS_PODFILE_DIR_PATH}/Podfile.lock\" \"${PODS_ROOT}/Manifest.lock\" > /dev/null\nif [ $? != 0 ] ; then\n    # print error to STDERR\n    echo \"error: The sandbox is not in sync with the Podfile.lock. Run 'pod install' or update your CocoaPods installation.\" >&2\n    exit 1\nfi\n# This output is used by Xcode 'outputs' to avoid re-running this script phase.\necho \"SUCCESS\" > \"${SCRIPT_OUTPUT_FILE_0}\"\n";
			showEnvVarsInLog = 0;
		};
/* End PBXShellScriptBuildPhase section */

/* Begin PBXSourcesBuildPhase section */
		001DB90B28C5E122006190FF /* Sources */ = {
			isa = PBXSourcesBuildPhase;
			buildActionMask = 2147483647;
			files = (
				0067812228CF1B67009C3E49 /* OppositeCaseViewController.swift in Sources */,
				001DB93428C5E839006190FF /* Scenes+Generated.swift in Sources */,
				001DB93528C5E839006190FF /* Segues+Generated.swift in Sources */,
				00FD519428C6D4F500AE36E9 /* NSViewController+windowController.swift in Sources */,
				001DB91528C5E122006190FF /* ViewController.swift in Sources */,
				00FD518B28C6C29E00AE36E9 /* WindowController.swift in Sources */,
				00FD519D28C7306100AE36E9 /* ViewModel.swift in Sources */,
				0067812128CF1B67009C3E49 /* ReverseViewController.swift in Sources */,
				001DB93628C5E839006190FF /* XCAssets+Generated.swift in Sources */,
				001DB91328C5E122006190FF /* AppDelegate.swift in Sources */,
				00FD519728C6F6EE00AE36E9 /* MulticastDelegate.swift in Sources */,
				00FD519B28C7304500AE36E9 /* Observable.swift in Sources */,
				0067812328CF1B67009C3E49 /* ROT13ViewController.swift in Sources */,
				001DB91728C5E122006190FF /* Document.swift in Sources */,
				00FD519028C6C38000AE36E9 /* Model.swift in Sources */,
			);
			runOnlyForDeploymentPostprocessing = 0;
		};
/* End PBXSourcesBuildPhase section */

/* Begin PBXVariantGroup section */
		001DB91A28C5E123006190FF /* Main.storyboard */ = {
			isa = PBXVariantGroup;
			children = (
				001DB91B28C5E123006190FF /* Base */,
			);
			name = Main.storyboard;
			sourceTree = "<group>";
		};
/* End PBXVariantGroup section */

/* Begin XCBuildConfiguration section */
		001DB91F28C5E123006190FF /* Debug */ = {
			isa = XCBuildConfiguration;
			buildSettings = {
				ALWAYS_SEARCH_USER_PATHS = NO;
				CLANG_ANALYZER_NONNULL = YES;
				CLANG_ANALYZER_NUMBER_OBJECT_CONVERSION = YES_AGGRESSIVE;
				CLANG_CXX_LANGUAGE_STANDARD = "gnu++17";
				CLANG_ENABLE_MODULES = YES;
				CLANG_ENABLE_OBJC_ARC = YES;
				CLANG_ENABLE_OBJC_WEAK = YES;
				CLANG_WARN_BLOCK_CAPTURE_AUTORELEASING = YES;
				CLANG_WARN_BOOL_CONVERSION = YES;
				CLANG_WARN_COMMA = YES;
				CLANG_WARN_CONSTANT_CONVERSION = YES;
				CLANG_WARN_DEPRECATED_OBJC_IMPLEMENTATIONS = YES;
				CLANG_WARN_DIRECT_OBJC_ISA_USAGE = YES_ERROR;
				CLANG_WARN_DOCUMENTATION_COMMENTS = YES;
				CLANG_WARN_EMPTY_BODY = YES;
				CLANG_WARN_ENUM_CONVERSION = YES;
				CLANG_WARN_INFINITE_RECURSION = YES;
				CLANG_WARN_INT_CONVERSION = YES;
				CLANG_WARN_NON_LITERAL_NULL_CONVERSION = YES;
				CLANG_WARN_OBJC_IMPLICIT_RETAIN_SELF = YES;
				CLANG_WARN_OBJC_LITERAL_CONVERSION = YES;
				CLANG_WARN_OBJC_ROOT_CLASS = YES_ERROR;
				CLANG_WARN_QUOTED_INCLUDE_IN_FRAMEWORK_HEADER = YES;
				CLANG_WARN_RANGE_LOOP_ANALYSIS = YES;
				CLANG_WARN_STRICT_PROTOTYPES = YES;
				CLANG_WARN_SUSPICIOUS_MOVE = YES;
				CLANG_WARN_UNGUARDED_AVAILABILITY = YES_AGGRESSIVE;
				CLANG_WARN_UNREACHABLE_CODE = YES;
				CLANG_WARN__DUPLICATE_METHOD_MATCH = YES;
				COPY_PHASE_STRIP = NO;
				DEBUG_INFORMATION_FORMAT = dwarf;
				ENABLE_STRICT_OBJC_MSGSEND = YES;
				ENABLE_TESTABILITY = YES;
				GCC_C_LANGUAGE_STANDARD = gnu11;
				GCC_DYNAMIC_NO_PIC = NO;
				GCC_NO_COMMON_BLOCKS = YES;
				GCC_OPTIMIZATION_LEVEL = 0;
				GCC_PREPROCESSOR_DEFINITIONS = (
					"DEBUG=1",
					"$(inherited)",
				);
				GCC_WARN_64_TO_32_BIT_CONVERSION = YES;
				GCC_WARN_ABOUT_RETURN_TYPE = YES_ERROR;
				GCC_WARN_UNDECLARED_SELECTOR = YES;
				GCC_WARN_UNINITIALIZED_AUTOS = YES_AGGRESSIVE;
				GCC_WARN_UNUSED_FUNCTION = YES;
				GCC_WARN_UNUSED_VARIABLE = YES;
				MACOSX_DEPLOYMENT_TARGET = 12.3;
				MTL_ENABLE_DEBUG_INFO = INCLUDE_SOURCE;
				MTL_FAST_MATH = YES;
				ONLY_ACTIVE_ARCH = YES;
				SDKROOT = macosx;
				SWIFT_ACTIVE_COMPILATION_CONDITIONS = DEBUG;
				SWIFT_OPTIMIZATION_LEVEL = "-Onone";
			};
			name = Debug;
		};
		001DB92028C5E123006190FF /* Release */ = {
			isa = XCBuildConfiguration;
			buildSettings = {
				ALWAYS_SEARCH_USER_PATHS = NO;
				CLANG_ANALYZER_NONNULL = YES;
				CLANG_ANALYZER_NUMBER_OBJECT_CONVERSION = YES_AGGRESSIVE;
				CLANG_CXX_LANGUAGE_STANDARD = "gnu++17";
				CLANG_ENABLE_MODULES = YES;
				CLANG_ENABLE_OBJC_ARC = YES;
				CLANG_ENABLE_OBJC_WEAK = YES;
				CLANG_WARN_BLOCK_CAPTURE_AUTORELEASING = YES;
				CLANG_WARN_BOOL_CONVERSION = YES;
				CLANG_WARN_COMMA = YES;
				CLANG_WARN_CONSTANT_CONVERSION = YES;
				CLANG_WARN_DEPRECATED_OBJC_IMPLEMENTATIONS = YES;
				CLANG_WARN_DIRECT_OBJC_ISA_USAGE = YES_ERROR;
				CLANG_WARN_DOCUMENTATION_COMMENTS = YES;
				CLANG_WARN_EMPTY_BODY = YES;
				CLANG_WARN_ENUM_CONVERSION = YES;
				CLANG_WARN_INFINITE_RECURSION = YES;
				CLANG_WARN_INT_CONVERSION = YES;
				CLANG_WARN_NON_LITERAL_NULL_CONVERSION = YES;
				CLANG_WARN_OBJC_IMPLICIT_RETAIN_SELF = YES;
				CLANG_WARN_OBJC_LITERAL_CONVERSION = YES;
				CLANG_WARN_OBJC_ROOT_CLASS = YES_ERROR;
				CLANG_WARN_QUOTED_INCLUDE_IN_FRAMEWORK_HEADER = YES;
				CLANG_WARN_RANGE_LOOP_ANALYSIS = YES;
				CLANG_WARN_STRICT_PROTOTYPES = YES;
				CLANG_WARN_SUSPICIOUS_MOVE = YES;
				CLANG_WARN_UNGUARDED_AVAILABILITY = YES_AGGRESSIVE;
				CLANG_WARN_UNREACHABLE_CODE = YES;
				CLANG_WARN__DUPLICATE_METHOD_MATCH = YES;
				COPY_PHASE_STRIP = NO;
				DEBUG_INFORMATION_FORMAT = "dwarf-with-dsym";
				ENABLE_NS_ASSERTIONS = NO;
				ENABLE_STRICT_OBJC_MSGSEND = YES;
				GCC_C_LANGUAGE_STANDARD = gnu11;
				GCC_NO_COMMON_BLOCKS = YES;
				GCC_WARN_64_TO_32_BIT_CONVERSION = YES;
				GCC_WARN_ABOUT_RETURN_TYPE = YES_ERROR;
				GCC_WARN_UNDECLARED_SELECTOR = YES;
				GCC_WARN_UNINITIALIZED_AUTOS = YES_AGGRESSIVE;
				GCC_WARN_UNUSED_FUNCTION = YES;
				GCC_WARN_UNUSED_VARIABLE = YES;
				MACOSX_DEPLOYMENT_TARGET = 12.3;
				MTL_ENABLE_DEBUG_INFO = NO;
				MTL_FAST_MATH = YES;
				SDKROOT = macosx;
				SWIFT_COMPILATION_MODE = wholemodule;
				SWIFT_OPTIMIZATION_LEVEL = "-O";
			};
			name = Release;
		};
		001DB92228C5E123006190FF /* Debug */ = {
			isa = XCBuildConfiguration;
			baseConfigurationReference = DDAE9B017FD6CA8BDED9FCC3 /* Pods-MVVMTest.debug.xcconfig */;
			buildSettings = {
				ASSETCATALOG_COMPILER_APPICON_NAME = AppIcon;
				ASSETCATALOG_COMPILER_GLOBAL_ACCENT_COLOR_NAME = AccentColor;
				CODE_SIGN_ENTITLEMENTS = MVVMTest/MVVMTest.entitlements;
				CODE_SIGN_IDENTITY = "-";
				CODE_SIGN_STYLE = Automatic;
				COMBINE_HIDPI_IMAGES = YES;
				CURRENT_PROJECT_VERSION = 1;
				DEVELOPMENT_TEAM = "";
				ENABLE_HARDENED_RUNTIME = YES;
				GENERATE_INFOPLIST_FILE = YES;
				INFOPLIST_FILE = MVVMTest/Info.plist;
				INFOPLIST_KEY_NSHumanReadableCopyright = "";
				INFOPLIST_KEY_NSMainStoryboardFile = Main;
				INFOPLIST_KEY_NSPrincipalClass = NSApplication;
				LD_RUNPATH_SEARCH_PATHS = (
					"$(inherited)",
					"@executable_path/../Frameworks",
				);
				MARKETING_VERSION = 1.0;
				PRODUCT_BUNDLE_IDENTIFIER = com.example.MVVMTest;
				PRODUCT_NAME = "$(TARGET_NAME)";
				SWIFT_EMIT_LOC_STRINGS = YES;
				SWIFT_VERSION = 5.0;
			};
			name = Debug;
		};
		001DB92328C5E123006190FF /* Release */ = {
			isa = XCBuildConfiguration;
			baseConfigurationReference = 71A38E9AC389B63E4602E9F8 /* Pods-MVVMTest.release.xcconfig */;
			buildSettings = {
				ASSETCATALOG_COMPILER_APPICON_NAME = AppIcon;
				ASSETCATALOG_COMPILER_GLOBAL_ACCENT_COLOR_NAME = AccentColor;
				CODE_SIGN_ENTITLEMENTS = MVVMTest/MVVMTest.entitlements;
				CODE_SIGN_IDENTITY = "-";
				CODE_SIGN_STYLE = Automatic;
				COMBINE_HIDPI_IMAGES = YES;
				CURRENT_PROJECT_VERSION = 1;
				DEVELOPMENT_TEAM = "";
				ENABLE_HARDENED_RUNTIME = YES;
				GENERATE_INFOPLIST_FILE = YES;
				INFOPLIST_FILE = MVVMTest/Info.plist;
				INFOPLIST_KEY_NSHumanReadableCopyright = "";
				INFOPLIST_KEY_NSMainStoryboardFile = Main;
				INFOPLIST_KEY_NSPrincipalClass = NSApplication;
				LD_RUNPATH_SEARCH_PATHS = (
					"$(inherited)",
					"@executable_path/../Frameworks",
				);
				MARKETING_VERSION = 1.0;
				PRODUCT_BUNDLE_IDENTIFIER = com.example.MVVMTest;
				PRODUCT_NAME = "$(TARGET_NAME)";
				SWIFT_EMIT_LOC_STRINGS = YES;
				SWIFT_VERSION = 5.0;
			};
			name = Release;
		};
/* End XCBuildConfiguration section */

/* Begin XCConfigurationList section */
		001DB90A28C5E122006190FF /* Build configuration list for PBXProject "MVVMTest" */ = {
			isa = XCConfigurationList;
			buildConfigurations = (
				001DB91F28C5E123006190FF /* Debug */,
				001DB92028C5E123006190FF /* Release */,
			);
			defaultConfigurationIsVisible = 0;
			defaultConfigurationName = Release;
		};
		001DB92128C5E123006190FF /* Build configuration list for PBXNativeTarget "MVVMTest" */ = {
			isa = XCConfigurationList;
			buildConfigurations = (
				001DB92228C5E123006190FF /* Debug */,
				001DB92328C5E123006190FF /* Release */,
			);
			defaultConfigurationIsVisible = 0;
			defaultConfigurationName = Release;
		};
/* End XCConfigurationList section */
	};
	rootObject = 001DB90728C5E122006190FF /* Project object */;
}
